
Microsoft Visual Studio Solution File, Format Version 12.00
# Visual Studio Version 16
VisualStudioVersion = 16.0.31112.23
MinimumVisualStudioVersion = 10.0.40219.1
Project("{FAE04EC0-301F-11D3-BF4B-00C04F79EFBC}") = "MyfirstMVC", "MyfirstMVC\MyfirstMVC.csproj", "{684C7B68-7B46-4A5C-B4B9-624824079CBE}"
EndProject
Global
	GlobalSection(SolutionConfigurationPlatforms) = preSolution
		Debug|Any CPU = Debug|Any CPU
		Release|Any CPU = Release|Any CPU
	EndGlobalSection
	GlobalSection(ProjectConfigurationPlatforms) = postSolution
		{684C7B68-7B46-4A5C-B4B9-624824079CBE}.Debug|Any CPU.ActiveCfg = Debug|Any CPU
		{684C7B68-7B46-4A5C-B4B9-624824079CBE}.Debug|Any CPU.Build.0 = Debug|Any CPU
		{684C7B68-7B46-4A5C-B4B9-624824079CBE}.Release|Any CPU.ActiveCfg = Release|Any CPU
		{684C7B68-7B46-4A5C-B4B9-624824079CBE}.Release|Any CPU.Build.0 = Release|Any CPU
	EndGlobalSection
	GlobalSection(SolutionProperties) = preSolution
		HideSolutionNode = FALSE
	EndGlobalSection
	GlobalSection(ExtensibilityGlobals) = postSolution
		SolutionGuid = {41211698-58DE-4D65-AD30-2E684D7A1732}
	EndGlobalSection
EndGlobal
